
Microsoft Visual Studio Solution File, Format Version 12.00
# Visual Studio 2012
Project("{FAE04EC0-301F-11D3-BF4B-00C04F79EFBC}") = "project2", "project2\project2.csproj", "{0F772731-58CD-459F-9771-C64EF8C2CC5A}"
EndProject
Project("{FAE04EC0-301F-11D3-BF4B-00C04F79EFBC}") = "project2.iOS", "iOS\project2.iOS.csproj", "{C01262F8-A65D-4695-99F2-7D9DE1F30EC6}"
EndProject
Project("{FAE04EC0-301F-11D3-BF4B-00C04F79EFBC}") = "project2.Droid", "Droid\project2.Droid.csproj", "{F05DD2FE-9395-4693-9D42-5C69CD60536A}"
EndProject
Global
	GlobalSection(SolutionConfigurationPlatforms) = preSolution
		Debug|Any CPU = Debug|Any CPU
		Release|Any CPU = Release|Any CPU
		Debug|iPhoneSimulator = Debug|iPhoneSimulator
		Release|iPhone = Release|iPhone
		Release|iPhoneSimulator = Release|iPhoneSimulator
		Debug|iPhone = Debug|iPhone
	EndGlobalSection
	GlobalSection(ProjectConfigurationPlatforms) = postSolution
		{0F772731-58CD-459F-9771-C64EF8C2CC5A}.Debug|Any CPU.ActiveCfg = Debug|Any CPU
		{0F772731-58CD-459F-9771-C64EF8C2CC5A}.Debug|Any CPU.Build.0 = Debug|Any CPU
		{0F772731-58CD-459F-9771-C64EF8C2CC5A}.Release|Any CPU.ActiveCfg = Release|Any CPU
		{0F772731-58CD-459F-9771-C64EF8C2CC5A}.Release|Any CPU.Build.0 = Release|Any CPU
		{0F772731-58CD-459F-9771-C64EF8C2CC5A}.Debug|iPhoneSimulator.ActiveCfg = Debug|Any CPU
		{0F772731-58CD-459F-9771-C64EF8C2CC5A}.Debug|iPhoneSimulator.Build.0 = Debug|Any CPU
		{0F772731-58CD-459F-9771-C64EF8C2CC5A}.Release|iPhone.ActiveCfg = Release|Any CPU
		{0F772731-58CD-459F-9771-C64EF8C2CC5A}.Release|iPhone.Build.0 = Release|Any CPU
		{0F772731-58CD-459F-9771-C64EF8C2CC5A}.Release|iPhoneSimulator.ActiveCfg = Release|Any CPU
		{0F772731-58CD-459F-9771-C64EF8C2CC5A}.Release|iPhoneSimulator.Build.0 = Release|Any CPU
		{0F772731-58CD-459F-9771-C64EF8C2CC5A}.Debug|iPhone.ActiveCfg = Debug|Any CPU
		{0F772731-58CD-459F-9771-C64EF8C2CC5A}.Debug|iPhone.Build.0 = Debug|Any CPU
		{C01262F8-A65D-4695-99F2-7D9DE1F30EC6}.Debug|Any CPU.ActiveCfg = Debug|iPhoneSimulator
		{C01262F8-A65D-4695-99F2-7D9DE1F30EC6}.Debug|Any CPU.Build.0 = Debug|iPhoneSimulator
		{C01262F8-A65D-4695-99F2-7D9DE1F30EC6}.Release|Any CPU.ActiveCfg = Debug|iPhoneSimulator
		{C01262F8-A65D-4695-99F2-7D9DE1F30EC6}.Release|Any CPU.Build.0 = Debug|iPhoneSimulator
		{C01262F8-A65D-4695-99F2-7D9DE1F30EC6}.Debug|iPhoneSimulator.ActiveCfg = Debug|iPhoneSimulator
		{C01262F8-A65D-4695-99F2-7D9DE1F30EC6}.Debug|iPhoneSimulator.Build.0 = Debug|iPhoneSimulator
		{C01262F8-A65D-4695-99F2-7D9DE1F30EC6}.Release|iPhone.ActiveCfg = Release|iPhone
		{C01262F8-A65D-4695-99F2-7D9DE1F30EC6}.Release|iPhone.Build.0 = Release|iPhone
		{C01262F8-A65D-4695-99F2-7D9DE1F30EC6}.Release|iPhoneSimulator.ActiveCfg = Release|iPhoneSimulator
		{C01262F8-A65D-4695-99F2-7D9DE1F30EC6}.Release|iPhoneSimulator.Build.0 = Release|iPhoneSimulator
		{C01262F8-A65D-4695-99F2-7D9DE1F30EC6}.Debug|iPhone.ActiveCfg = Debug|iPhone
		{C01262F8-A65D-4695-99F2-7D9DE1F30EC6}.Debug|iPhone.Build.0 = Debug|iPhone
		{F05DD2FE-9395-4693-9D42-5C69CD60536A}.Debug|Any CPU.ActiveCfg = Debug|Any CPU
		{F05DD2FE-9395-4693-9D42-5C69CD60536A}.Debug|Any CPU.Build.0 = Debug|Any CPU
		{F05DD2FE-9395-4693-9D42-5C69CD60536A}.Release|Any CPU.ActiveCfg = Release|Any CPU
		{F05DD2FE-9395-4693-9D42-5C69CD60536A}.Release|Any CPU.Build.0 = Release|Any CPU
		{F05DD2FE-9395-4693-9D42-5C69CD60536A}.Debug|iPhoneSimulator.ActiveCfg = Debug|Any CPU
		{F05DD2FE-9395-4693-9D42-5C69CD60536A}.Debug|iPhoneSimulator.Build.0 = Debug|Any CPU
		{F05DD2FE-9395-4693-9D42-5C69CD60536A}.Release|iPhone.ActiveCfg = Release|Any CPU
		{F05DD2FE-9395-4693-9D42-5C69CD60536A}.Release|iPhone.Build.0 = Release|Any CPU
		{F05DD2FE-9395-4693-9D42-5C69CD60536A}.Release|iPhoneSimulator.ActiveCfg = Release|Any CPU
		{F05DD2FE-9395-4693-9D42-5C69CD60536A}.Release|iPhoneSimulator.Build.0 = Release|Any CPU
		{F05DD2FE-9395-4693-9D42-5C69CD60536A}.Debug|iPhone.ActiveCfg = Debug|Any CPU
		{F05DD2FE-9395-4693-9D42-5C69CD60536A}.Debug|iPhone.Build.0 = Debug|Any CPU
	EndGlobalSection
	GlobalSection(MonoDevelopProperties) = preSolution
		Policies = $0
		$0.DotNetNamingPolicy = $1
		$1.DirectoryNamespaceAssociation = None
		$1.ResourceNamePolicy = FileFormatDefault
	EndGlobalSection
EndGlobal
